
Microsoft Visual Studio Solution File, Format Version 11.00
# Visual Studio 2010
Project("{FAE04EC0-301F-11D3-BF4B-00C04F79EFBC}") = "PressEnter.Gui", "PressEnter.Gui\PressEnter.Gui.csproj", "{656E7153-EF8C-44AA-AF20-75DC36703F54}"
EndProject
Project("{FAE04EC0-301F-11D3-BF4B-00C04F79EFBC}") = "PressEnter.Flow", "PressEnter.Flow\PressEnter.Flow.csproj", "{EC95E954-4472-46F5-914F-D11DBA32B9C8}"
EndProject
Project("{2150E333-8FDC-42A3-9474-1A3956D46DE8}") = "Solution Items", "Solution Items", "{5DDD035D-EBDB-4768-94D8-33459263142D}"
	ProjectSection(SolutionItems) = preProject
		README. = README.
	EndProjectSection
EndProject
Global
	GlobalSection(SolutionConfigurationPlatforms) = preSolution
		Debug|Any CPU = Debug|Any CPU
		Debug|Mixed Platforms = Debug|Mixed Platforms
		Debug|x86 = Debug|x86
		Release|Any CPU = Release|Any CPU
		Release|Mixed Platforms = Release|Mixed Platforms
		Release|x86 = Release|x86
	EndGlobalSection
	GlobalSection(ProjectConfigurationPlatforms) = postSolution
		{656E7153-EF8C-44AA-AF20-75DC36703F54}.Debug|Any CPU.ActiveCfg = Debug|x86
		{656E7153-EF8C-44AA-AF20-75DC36703F54}.Debug|Mixed Platforms.ActiveCfg = Debug|x86
		{656E7153-EF8C-44AA-AF20-75DC36703F54}.Debug|Mixed Platforms.Build.0 = Debug|x86
		{656E7153-EF8C-44AA-AF20-75DC36703F54}.Debug|x86.ActiveCfg = Debug|x86
		{656E7153-EF8C-44AA-AF20-75DC36703F54}.Debug|x86.Build.0 = Debug|x86
		{656E7153-EF8C-44AA-AF20-75DC36703F54}.Release|Any CPU.ActiveCfg = Release|x86
		{656E7153-EF8C-44AA-AF20-75DC36703F54}.Release|Mixed Platforms.ActiveCfg = Release|x86
		{656E7153-EF8C-44AA-AF20-75DC36703F54}.Release|Mixed Platforms.Build.0 = Release|x86
		{656E7153-EF8C-44AA-AF20-75DC36703F54}.Release|x86.ActiveCfg = Release|x86
		{656E7153-EF8C-44AA-AF20-75DC36703F54}.Release|x86.Build.0 = Release|x86
		{EC95E954-4472-46F5-914F-D11DBA32B9C8}.Debug|Any CPU.ActiveCfg = Debug|Any CPU
		{EC95E954-4472-46F5-914F-D11DBA32B9C8}.Debug|Any CPU.Build.0 = Debug|Any CPU
		{EC95E954-4472-46F5-914F-D11DBA32B9C8}.Debug|Mixed Platforms.ActiveCfg = Debug|Any CPU
		{EC95E954-4472-46F5-914F-D11DBA32B9C8}.Debug|Mixed Platforms.Build.0 = Debug|Any CPU
		{EC95E954-4472-46F5-914F-D11DBA32B9C8}.Debug|x86.ActiveCfg = Debug|Any CPU
		{EC95E954-4472-46F5-914F-D11DBA32B9C8}.Release|Any CPU.ActiveCfg = Release|Any CPU
		{EC95E954-4472-46F5-914F-D11DBA32B9C8}.Release|Any CPU.Build.0 = Release|Any CPU
		{EC95E954-4472-46F5-914F-D11DBA32B9C8}.Release|Mixed Platforms.ActiveCfg = Release|Any CPU
		{EC95E954-4472-46F5-914F-D11DBA32B9C8}.Release|Mixed Platforms.Build.0 = Release|Any CPU
		{EC95E954-4472-46F5-914F-D11DBA32B9C8}.Release|x86.ActiveCfg = Release|Any CPU
	EndGlobalSection
	GlobalSection(SolutionProperties) = preSolution
		HideSolutionNode = FALSE
	EndGlobalSection
EndGlobal
